// !$*UTF8*$!
{
	archiveVersion = 1;
	classes = {
	};
	objectVersion = 50;
	objects = {

/* Begin PBXBuildFile section */
		C97B122225F27C5100C5A141 /* AppDelegate.swift in Sources */ = {isa = PBXBuildFile; fileRef = C97B122125F27C5100C5A141 /* AppDelegate.swift */; };
		C97B122425F27C5100C5A141 /* SceneDelegate.swift in Sources */ = {isa = PBXBuildFile; fileRef = C97B122325F27C5100C5A141 /* SceneDelegate.swift */; };
		C97B122625F27C5100C5A141 /* ContentView.swift in Sources */ = {isa = PBXBuildFile; fileRef = C97B122525F27C5100C5A141 /* ContentView.swift */; };
		C97B122825F27C5300C5A141 /* Assets.xcassets in Resources */ = {isa = PBXBuildFile; fileRef = C97B122725F27C5300C5A141 /* Assets.xcassets */; };
		C97B122B25F27C5300C5A141 /* Preview Assets.xcassets in Resources */ = {isa = PBXBuildFile; fileRef = C97B122A25F27C5300C5A141 /* Preview Assets.xcassets */; };
		C97B122E25F27C5300C5A141 /* LaunchScreen.storyboard in Resources */ = {isa = PBXBuildFile; fileRef = C97B122C25F27C5300C5A141 /* LaunchScreen.storyboard */; };
		C97B123825F2808300C5A141 /* NetworkManager.swift in Sources */ = {isa = PBXBuildFile; fileRef = C97B123725F2808300C5A141 /* NetworkManager.swift */; };
		C97B123C25F282A100C5A141 /* PostData.swift in Sources */ = {isa = PBXBuildFile; fileRef = C97B123B25F282A100C5A141 /* PostData.swift */; };
		C97B124125F29A9300C5A141 /* DetailView.swift in Sources */ = {isa = PBXBuildFile; fileRef = C97B124025F29A9300C5A141 /* DetailView.swift */; };
		C97B124425F29F7D00C5A141 /* WebView.swift in Sources */ = {isa = PBXBuildFile; fileRef = C97B124325F29F7D00C5A141 /* WebView.swift */; };
/* End PBXBuildFile section */

/* Begin PBXFileReference section */
		C97B121E25F27C5100C5A141 /* H4XOR News.app */ = {isa = PBXFileReference; explicitFileType = wrapper.application; includeInIndex = 0; path = "H4XOR News.app"; sourceTree = BUILT_PRODUCTS_DIR; };
		C97B122125F27C5100C5A141 /* AppDelegate.swift */ = {isa = PBXFileReference; lastKnownFileType = sourcecode.swift; path = AppDelegate.swift; sourceTree = "<group>"; };
		C97B122325F27C5100C5A141 /* SceneDelegate.swift */ = {isa = PBXFileReference; lastKnownFileType = sourcecode.swift; path = SceneDelegate.swift; sourceTree = "<group>"; };
		C97B122525F27C5100C5A141 /* ContentView.swift */ = {isa = PBXFileReference; lastKnownFileType = sourcecode.swift; path = ContentView.swift; sourceTree = "<group>"; };
		C97B122725F27C5300C5A141 /* Assets.xcassets */ = {isa = PBXFileReference; lastKnownFileType = folder.assetcatalog; path = Assets.xcassets; sourceTree = "<group>"; };
		C97B122A25F27C5300C5A141 /* Preview Assets.xcassets */ = {isa = PBXFileReference; lastKnownFileType = folder.assetcatalog; path = "Preview Assets.xcassets"; sourceTree = "<group>"; };
		C97B122D25F27C5300C5A141 /* Base */ = {isa = PBXFileReference; lastKnownFileType = file.storyboard; name = Base; path = Base.lproj/LaunchScreen.storyboard; sourceTree = "<group>"; };
		C97B122F25F27C5300C5A141 /* Info.plist */ = {isa = PBXFileReference; lastKnownFileType = text.plist.xml; path = Info.plist; sourceTree = "<group>"; };
		C97B123725F2808300C5A141 /* NetworkManager.swift */ = {isa = PBXFileReference; lastKnownFileType = sourcecode.swift; path = NetworkManager.swift; sourceTree = "<group>"; };
		C97B123B25F282A100C5A141 /* PostData.swift */ = {isa = PBXFileReference; lastKnownFileType = sourcecode.swift; path = PostData.swift; sourceTree = "<group>"; };
		C97B124025F29A9300C5A141 /* DetailView.swift */ = {isa = PBXFileReference; lastKnownFileType = sourcecode.swift; path = DetailView.swift; sourceTree = "<group>"; };
		C97B124325F29F7D00C5A141 /* WebView.swift */ = {isa = PBXFileReference; lastKnownFileType = sourcecode.swift; path = WebView.swift; sourceTree = "<group>"; };
		C97B124625F2A1CF00C5A141 /* H4XOR News.entitlements */ = {isa = PBXFileReference; lastKnownFileType = text.plist.entitlements; path = "H4XOR News.entitlements"; sourceTree = "<group>"; };
/* End PBXFileReference section */

/* Begin PBXFrameworksBuildPhase section */
		C97B121B25F27C5100C5A141 /* Frameworks */ = {
			isa = PBXFrameworksBuildPhase;
			buildActionMask = 2147483647;
			files = (
			);
			runOnlyForDeploymentPostprocessing = 0;
		};
/* End PBXFrameworksBuildPhase section */

/* Begin PBXGroup section */
		C97B121525F27C5100C5A141 = {
			isa = PBXGroup;
			children = (
				C97B122025F27C5100C5A141 /* H4XOR News */,
				C97B121F25F27C5100C5A141 /* Products */,
			);
			sourceTree = "<group>";
		};
		C97B121F25F27C5100C5A141 /* Products */ = {
			isa = PBXGroup;
			children = (
				C97B121E25F27C5100C5A141 /* H4XOR News.app */,
			);
			name = Products;
			sourceTree = "<group>";
		};
		C97B122025F27C5100C5A141 /* H4XOR News */ = {
			isa = PBXGroup;
			children = (
				C97B124625F2A1CF00C5A141 /* H4XOR News.entitlements */,
				C97B122125F27C5100C5A141 /* AppDelegate.swift */,
				C97B122325F27C5100C5A141 /* SceneDelegate.swift */,
				C97B123E25F29A7200C5A141 /* Views */,
				C97B123625F2804C00C5A141 /* Models */,
				C97B122725F27C5300C5A141 /* Assets.xcassets */,
				C97B122C25F27C5300C5A141 /* LaunchScreen.storyboard */,
				C97B122F25F27C5300C5A141 /* Info.plist */,
				C97B122925F27C5300C5A141 /* Preview Content */,
			);
			path = "H4XOR News";
			sourceTree = "<group>";
		};
		C97B122925F27C5300C5A141 /* Preview Content */ = {
			isa = PBXGroup;
			children = (
				C97B122A25F27C5300C5A141 /* Preview Assets.xcassets */,
			);
			path = "Preview Content";
			sourceTree = "<group>";
		};
		C97B123625F2804C00C5A141 /* Models */ = {
			isa = PBXGroup;
			children = (
				C97B123725F2808300C5A141 /* NetworkManager.swift */,
				C97B123B25F282A100C5A141 /* PostData.swift */,
			);
			path = Models;
			sourceTree = "<group>";
		};
		C97B123E25F29A7200C5A141 /* Views */ = {
			isa = PBXGroup;
			children = (
				C97B122525F27C5100C5A141 /* ContentView.swift */,
				C97B124025F29A9300C5A141 /* DetailView.swift */,
				C97B124325F29F7D00C5A141 /* WebView.swift */,
			);
			path = Views;
			sourceTree = "<group>";
		};
/* End PBXGroup section */

/* Begin PBXNativeTarget section */
		C97B121D25F27C5100C5A141 /* H4XOR News */ = {
			isa = PBXNativeTarget;
			buildConfigurationList = C97B123225F27C5300C5A141 /* Build configuration list for PBXNativeTarget "H4XOR News" */;
			buildPhases = (
				C97B121A25F27C5100C5A141 /* Sources */,
				C97B121B25F27C5100C5A141 /* Frameworks */,
				C97B121C25F27C5100C5A141 /* Resources */,
			);
			buildRules = (
			);
			dependencies = (
			);
			name = "H4XOR News";
			productName = "H4XOR News";
			productReference = C97B121E25F27C5100C5A141 /* H4XOR News.app */;
			productType = "com.apple.product-type.application";
		};
/* End PBXNativeTarget section */

/* Begin PBXProject section */
		C97B121625F27C5100C5A141 /* Project object */ = {
			isa = PBXProject;
			attributes = {
				LastSwiftUpdateCheck = 1240;
				LastUpgradeCheck = 1240;
				TargetAttributes = {
					C97B121D25F27C5100C5A141 = {
						CreatedOnToolsVersion = 12.4;
					};
				};
			};
			buildConfigurationList = C97B121925F27C5100C5A141 /* Build configuration list for PBXProject "H4XOR News" */;
			compatibilityVersion = "Xcode 9.3";
			developmentRegion = en;
			hasScannedForEncodings = 0;
			knownRegions = (
				en,
				Base,
			);
			mainGroup = C97B121525F27C5100C5A141;
			productRefGroup = C97B121F25F27C5100C5A141 /* Products */;
			projectDirPath = "";
			projectRoot = "";
			targets = (
				C97B121D25F27C5100C5A141 /* H4XOR News */,
			);
		};
/* End PBXProject section */

/* Begin PBXResourcesBuildPhase section */
		C97B121C25F27C5100C5A141 /* Resources */ = {
			isa = PBXResourcesBuildPhase;
			buildActionMask = 2147483647;
			files = (
				C97B122E25F27C5300C5A141 /* LaunchScreen.storyboard in Resources */,
				C97B122B25F27C5300C5A141 /* Preview Assets.xcassets in Resources */,
				C97B122825F27C5300C5A141 /* Assets.xcassets in Resources */,
			);
			runOnlyForDeploymentPostprocessing = 0;
		};
/* End PBXResourcesBuildPhase section */

/* Begin PBXSourcesBuildPhase section */
		C97B121A25F27C5100C5A141 /* Sources */ = {
			isa = PBXSourcesBuildPhase;
			buildActionMask = 2147483647;
			files = (
				C97B123C25F282A100C5A141 /* PostData.swift in Sources */,
				C97B124125F29A9300C5A141 /* DetailView.swift in Sources */,
				C97B123825F2808300C5A141 /* NetworkManager.swift in Sources */,
				C97B122225F27C5100C5A141 /* AppDelegate.swift in Sources */,
				C97B122425F27C5100C5A141 /* SceneDelegate.swift in Sources */,
				C97B122625F27C5100C5A141 /* ContentView.swift in Sources */,
				C97B124425F29F7D00C5A141 /* WebView.swift in Sources */,
			);
			runOnlyForDeploymentPostprocessing = 0;
		};
/* End PBXSourcesBuildPhase section */

/* Begin PBXVariantGroup section */
		C97B122C25F27C5300C5A141 /* LaunchScreen.storyboard */ = {
			isa = PBXVariantGroup;
			children = (
				C97B122D25F27C5300C5A141 /* Base */,
			);
			name = LaunchScreen.storyboard;
			sourceTree = "<group>";
		};
/* End PBXVariantGroup section */

/* Begin XCBuildConfiguration section */
		C97B123025F27C5300C5A141 /* Debug */ = {
			isa = XCBuildConfiguration;
			buildSettings = {
				ALWAYS_SEARCH_USER_PATHS = NO;
				CLANG_ANALYZER_NONNULL = YES;
				CLANG_ANALYZER_NUMBER_OBJECT_CONVERSION = YES_AGGRESSIVE;
				CLANG_CXX_LANGUAGE_STANDARD = "gnu++14";
				CLANG_CXX_LIBRARY = "libc++";
				CLANG_ENABLE_MODULES = YES;
				CLANG_ENABLE_OBJC_ARC = YES;
				CLANG_ENABLE_OBJC_WEAK = YES;
				CLANG_WARN_BLOCK_CAPTURE_AUTORELEASING = YES;
				CLANG_WARN_BOOL_CONVERSION = YES;
				CLANG_WARN_COMMA = YES;
				CLANG_WARN_CONSTANT_CONVERSION = YES;
				CLANG_WARN_DEPRECATED_OBJC_IMPLEMENTATIONS = YES;
				CLANG_WARN_DIRECT_OBJC_ISA_USAGE = YES_ERROR;
				CLANG_WARN_DOCUMENTATION_COMMENTS = YES;
				CLANG_WARN_EMPTY_BODY = YES;
				CLANG_WARN_ENUM_CONVERSION = YES;
				CLANG_WARN_INFINITE_RECURSION = YES;
				CLANG_WARN_INT_CONVERSION = YES;
				CLANG_WARN_NON_LITERAL_NULL_CONVERSION = YES;
				CLANG_WARN_OBJC_IMPLICIT_RETAIN_SELF = YES;
				CLANG_WARN_OBJC_LITERAL_CONVERSION = YES;
				CLANG_WARN_OBJC_ROOT_CLASS = YES_ERROR;
				CLANG_WARN_QUOTED_INCLUDE_IN_FRAMEWORK_HEADER = YES;
				CLANG_WARN_RANGE_LOOP_ANALYSIS = YES;
				CLANG_WARN_STRICT_PROTOTYPES = YES;
				CLANG_WARN_SUSPICIOUS_MOVE = YES;
				CLANG_WARN_UNGUARDED_AVAILABILITY = YES_AGGRESSIVE;
				CLANG_WARN_UNREACHABLE_CODE = YES;
				CLANG_WARN__DUPLICATE_METHOD_MATCH = YES;
				COPY_PHASE_STRIP = NO;
				DEBUG_INFORMATION_FORMAT = dwarf;
				ENABLE_STRICT_OBJC_MSGSEND = YES;
				ENABLE_TESTABILITY = YES;
				GCC_C_LANGUAGE_STANDARD = gnu11;
				GCC_DYNAMIC_NO_PIC = NO;
				GCC_NO_COMMON_BLOCKS = YES;
				GCC_OPTIMIZATION_LEVEL = 0;
				GCC_PREPROCESSOR_DEFINITIONS = (
					"DEBUG=1",
					"$(inherited)",
				);
				GCC_WARN_64_TO_32_BIT_CONVERSION = YES;
				GCC_WARN_ABOUT_RETURN_TYPE = YES_ERROR;
				GCC_WARN_UNDECLARED_SELECTOR = YES;
				GCC_WARN_UNINITIALIZED_AUTOS = YES_AGGRESSIVE;
				GCC_WARN_UNUSED_FUNCTION = YES;
				GCC_WARN_UNUSED_VARIABLE = YES;
				IPHONEOS_DEPLOYMENT_TARGET = 14.4;
				MTL_ENABLE_DEBUG_INFO = INCLUDE_SOURCE;
				MTL_FAST_MATH = YES;
				ONLY_ACTIVE_ARCH = YES;
				SDKROOT = iphoneos;
				SWIFT_ACTIVE_COMPILATION_CONDITIONS = DEBUG;
				SWIFT_OPTIMIZATION_LEVEL = "-Onone";
			};
			name = Debug;
		};
		C97B123125F27C5300C5A141 /* Release */ = {
			isa = XCBuildConfiguration;
			buildSettings = {
				ALWAYS_SEARCH_USER_PATHS = NO;
				CLANG_ANALYZER_NONNULL = YES;
				CLANG_ANALYZER_NUMBER_OBJECT_CONVERSION = YES_AGGRESSIVE;
				CLANG_CXX_LANGUAGE_STANDARD = "gnu++14";
				CLANG_CXX_LIBRARY = "libc++";
				CLANG_ENABLE_MODULES = YES;
				CLANG_ENABLE_OBJC_ARC = YES;
				CLANG_ENABLE_OBJC_WEAK = YES;
				CLANG_WARN_BLOCK_CAPTURE_AUTORELEASING = YES;
				CLANG_WARN_BOOL_CONVERSION = YES;
				CLANG_WARN_COMMA = YES;
				CLANG_WARN_CONSTANT_CONVERSION = YES;
				CLANG_WARN_DEPRECATED_OBJC_IMPLEMENTATIONS = YES;
				CLANG_WARN_DIRECT_OBJC_ISA_USAGE = YES_ERROR;
				CLANG_WARN_DOCUMENTATION_COMMENTS = YES;
				CLANG_WARN_EMPTY_BODY = YES;
				CLANG_WARN_ENUM_CONVERSION = YES;
				CLANG_WARN_INFINITE_RECURSION = YES;
				CLANG_WARN_INT_CONVERSION = YES;
				CLANG_WARN_NON_LITERAL_NULL_CONVERSION = YES;
				CLANG_WARN_OBJC_IMPLICIT_RETAIN_SELF = YES;
				CLANG_WARN_OBJC_LITERAL_CONVERSION = YES;
				CLANG_WARN_OBJC_ROOT_CLASS = YES_ERROR;
				CLANG_WARN_QUOTED_INCLUDE_IN_FRAMEWORK_HEADER = YES;
				CLANG_WARN_RANGE_LOOP_ANALYSIS = YES;
				CLANG_WARN_STRICT_PROTOTYPES = YES;
				CLANG_WARN_SUSPICIOUS_MOVE = YES;
				CLANG_WARN_UNGUARDED_AVAILABILITY = YES_AGGRESSIVE;
				CLANG_WARN_UNREACHABLE_CODE = YES;
				CLANG_WARN__DUPLICATE_METHOD_MATCH = YES;
				COPY_PHASE_STRIP = NO;
				DEBUG_INFORMATION_FORMAT = "dwarf-with-dsym";
				ENABLE_NS_ASSERTIONS = NO;
				ENABLE_STRICT_OBJC_MSGSEND = YES;
				GCC_C_LANGUAGE_STANDARD = gnu11;
				GCC_NO_COMMON_BLOCKS = YES;
				GCC_WARN_64_TO_32_BIT_CONVERSION = YES;
				GCC_WARN_ABOUT_RETURN_TYPE = YES_ERROR;
				GCC_WARN_UNDECLARED_SELECTOR = YES;
				GCC_WARN_UNINITIALIZED_AUTOS = YES_AGGRESSIVE;
				GCC_WARN_UNUSED_FUNCTION = YES;
				GCC_WARN_UNUSED_VARIABLE = YES;
				IPHONEOS_DEPLOYMENT_TARGET = 14.4;
				MTL_ENABLE_DEBUG_INFO = NO;
				MTL_FAST_MATH = YES;
				SDKROOT = iphoneos;
				SWIFT_COMPILATION_MODE = wholemodule;
				SWIFT_OPTIMIZATION_LEVEL = "-O";
				VALIDATE_PRODUCT = YES;
			};
			name = Release;
		};
		C97B123325F27C5300C5A141 /* Debug */ = {
			isa = XCBuildConfiguration;
			buildSettings = {
				ASSETCATALOG_COMPILER_APPICON_NAME = AppIcon;
				ASSETCATALOG_COMPILER_GLOBAL_ACCENT_COLOR_NAME = AccentColor;
				CODE_SIGN_ENTITLEMENTS = "H4XOR News/H4XOR News.entitlements";
				CODE_SIGN_STYLE = Automatic;
				DEVELOPMENT_ASSET_PATHS = "\"H4XOR News/Preview Content\"";
				DEVELOPMENT_TEAM = NU7PDN3PT3;
				ENABLE_PREVIEWS = YES;
				INFOPLIST_FILE = "H4XOR News/Info.plist";
				LD_RUNPATH_SEARCH_PATHS = (
					"$(inherited)",
					"@executable_path/Frameworks",
				);
				PRODUCT_BUNDLE_IDENTIFIER = "com.lailagh.H4XOR-News";
				PRODUCT_NAME = "$(TARGET_NAME)";
				SUPPORTS_MACCATALYST = YES;
				SWIFT_VERSION = 5.0;
				TARGETED_DEVICE_FAMILY = "1,2";
			};
			name = Debug;
		};
		C97B123425F27C5300C5A141 /* Release */ = {
			isa = XCBuildConfiguration;
			buildSettings = {
				ASSETCATALOG_COMPILER_APPICON_NAME = AppIcon;
				ASSETCATALOG_COMPILER_GLOBAL_ACCENT_COLOR_NAME = AccentColor;
				CODE_SIGN_ENTITLEMENTS = "H4XOR News/H4XOR News.entitlements";
				CODE_SIGN_STYLE = Automatic;
				DEVELOPMENT_ASSET_PATHS = "\"H4XOR News/Preview Content\"";
				DEVELOPMENT_TEAM = NU7PDN3PT3;
				ENABLE_PREVIEWS = YES;
				INFOPLIST_FILE = "H4XOR News/Info.plist";
				LD_RUNPATH_SEARCH_PATHS = (
					"$(inherited)",
					"@executable_path/Frameworks",
				);
				PRODUCT_BUNDLE_IDENTIFIER = "com.lailagh.H4XOR-News";
				PRODUCT_NAME = "$(TARGET_NAME)";
				SUPPORTS_MACCATALYST = YES;
				SWIFT_VERSION = 5.0;
				TARGETED_DEVICE_FAMILY = "1,2";
			};
			name = Release;
		};
/* End XCBuildConfiguration section */

/* Begin XCConfigurationList section */
		C97B121925F27C5100C5A141 /* Build configuration list for PBXProject "H4XOR News" */ = {
			isa = XCConfigurationList;
			buildConfigurations = (
				C97B123025F27C5300C5A141 /* Debug */,
				C97B123125F27C5300C5A141 /* Release */,
			);
			defaultConfigurationIsVisible = 0;
			defaultConfigurationName = Release;
		};
		C97B123225F27C5300C5A141 /* Build configuration list for PBXNativeTarget "H4XOR News" */ = {
			isa = XCConfigurationList;
			buildConfigurations = (
				C97B123325F27C5300C5A141 /* Debug */,
				C97B123425F27C5300C5A141 /* Release */,
			);
			defaultConfigurationIsVisible = 0;
			defaultConfigurationName = Release;
		};
/* End XCConfigurationList section */
	};
	rootObject = C97B121625F27C5100C5A141 /* Project object */;
}
